# This file is automatically @generated by Poetry 1.8.3 and should not be changed by hand.

[[package]]
name = "adafruit-blinka"
version = "8.39.1"
description = "CircuitPython APIs for non-CircuitPython versions of Python such as CPython on Linux and MicroPython."
optional = false
python-versions = ">=3.7.0"
files = [
    {file = "Adafruit-Blinka-8.39.1.tar.gz", hash = "sha256:0db0b24345e77ec3815590fc987e946e12fda9effb18f8f15f2d150a64f53618"},
    {file = "Adafruit_Blinka-8.39.1-py3-none-any.whl", hash = "sha256:eb4bb91f31b13dc1caedbd2b60b260e4be6f848d5381ff514d2ce924bea1b0fa"},
]

[package.dependencies]
adafruit-circuitpython-typing = "*"
Adafruit-PlatformDetect = ">=3.62.0"
Adafruit-PureIO = ">=1.1.7"
pyftdi = ">=0.40.0"

[[package]]
name = "adafruit-circuitpython-ahtx0"
version = "1.0.21"
description = "CircuitPython driver for the Adafruit AHT10 Humidity and Temperature Sensor"
optional = false
python-versions = "*"
files = [
    {file = "adafruit-circuitpython-ahtx0-1.0.21.tar.gz", hash = "sha256:5f99605120b41466de69affd1b734f1ad3b97e92d1de5cefba3c7d3b1cc688d1"},
    {file = "adafruit_circuitpython_ahtx0-1.0.21-py3-none-any.whl", hash = "sha256:e3c15866025579ff2c381adae6d2c85f8b396d9fcd621994136939a723934310"},
]

[package.dependencies]
Adafruit-Blinka = "*"
adafruit-circuitpython-busdevice = "*"
adafruit-circuitpython-register = "*"

[[package]]
name = "adafruit-circuitpython-busdevice"
version = "5.2.9"
description = "CircuitPython bus device classes to manage bus sharing."
optional = false
python-versions = "*"
files = [
    {file = "adafruit_circuitpython_busdevice-5.2.9-py3-none-any.whl", hash = "sha256:78245c551eb3795a4f3739f1adac0b08a65c9fb0f722e866de620482cbbac51f"},
    {file = "adafruit_circuitpython_busdevice-5.2.9.tar.gz", hash = "sha256:9f9c3df385091410dac5961918e475ec88faed7ff543ad6d74208f08c2566513"},
]

[package.dependencies]
Adafruit-Blinka = ">=7.0.0"
adafruit-circuitpython-typing = "*"

[[package]]
name = "adafruit-circuitpython-connectionmanager"
version = "3.1.0"
description = "A urllib3.poolmanager/urllib3.connectionpool-like library for managing sockets and connections"
optional = false
python-versions = "*"
files = [
    {file = "adafruit_circuitpython_connectionmanager-3.1.0-py3-none-any.whl", hash = "sha256:8dffd3e60d795e11c13f98795a45c42b568ea135953b2383c56a2fa6090512d3"},
    {file = "adafruit_circuitpython_connectionmanager-3.1.0.tar.gz", hash = "sha256:2a89f27e31be1b09dc221bffaa599baacd238a0bc369fe695c41be86c0d779a2"},
]

[package.dependencies]
Adafruit-Blinka = "*"

[[package]]
name = "adafruit-circuitpython-register"
version = "1.9.18"
description = "CircuitPython data descriptor classes to represent hardware registers on I2C and SPI devices."
optional = false
python-versions = "*"
files = [
    {file = "adafruit-circuitpython-register-1.9.18.tar.gz", hash = "sha256:146fdec0ca787663962e1a894a3028056f1adbd0322a1d187bdeda739e4e228d"},
    {file = "adafruit_circuitpython_register-1.9.18-py3-none-any.whl", hash = "sha256:fc84e55129c32e65e740c37f821efb1a6ab2b9439d2b27459c85a6017b0d9302"},
]

[package.dependencies]
Adafruit-Blinka = "*"
adafruit-circuitpython-busdevice = "*"
adafruit-circuitpython-typing = ">=1.3.1,<2.dev0"
typing-extensions = ">=4.0,<5.0"

[[package]]
name = "adafruit-circuitpython-requests"
version = "4.0.0"
description = "A requests-like library for web interfacing"
optional = false
python-versions = "*"
files = [
    {file = "adafruit_circuitpython_requests-4.0.0-py3-none-any.whl", hash = "sha256:43fa8bd6dcc9a056d60987f5642391d0b2777becd24b19075473a098f6ecedcd"},
    {file = "adafruit_circuitpython_requests-4.0.0.tar.gz", hash = "sha256:789b70719c04c3963b4ddcb9d4ef469aa48d14d044e2680427df432ca2350d1b"},
]

[package.dependencies]
Adafruit-Blinka = "*"
Adafruit-Circuitpython-ConnectionManager = "*"

[package.extras]
optional = ["requests"]

[[package]]
name = "adafruit-circuitpython-typing"
version = "1.10.3"
description = "Types needed for type annotation that are not in `typing`"
optional = false
python-versions = ">=3.8"
files = [
    {file = "adafruit-circuitpython-typing-1.10.3.tar.gz", hash = "sha256:4c5c1eeb3ae8a3d2dfa75129654c73690fbdb576d9069542a6ea3355467e1e74"},
    {file = "adafruit_circuitpython_typing-1.10.3-py3-none-any.whl", hash = "sha256:4e23d6828deafa4dfd554fd7d3f06b8ff8e2cc554b9c7aecba9d778d45970c18"},
]

[package.dependencies]
Adafruit-Blinka = "*"
adafruit-circuitpython-busdevice = "*"
adafruit-circuitpython-requests = "*"
typing-extensions = ">=4.0,<5.0"

[[package]]
name = "adafruit-platformdetect"
version = "3.63.0"
description = "Platform detection for use by libraries like Adafruit-Blinka."
optional = false
python-versions = "*"
files = [
    {file = "Adafruit_PlatformDetect-3.63.0-py3-none-any.whl", hash = "sha256:a82a86072963179f6bd5723e070b2e1786cc26d82fe8d3e40ff524b449d10abe"},
    {file = "adafruit_platformdetect-3.63.0.tar.gz", hash = "sha256:6e7b5c3ff3f47a842c8c84107092edb17b0f712ca5295354a7e7ff442fd4e66e"},
]

[[package]]
name = "adafruit-pureio"
version = "1.1.11"
description = "Pure python (i.e. no native extensions) access to Linux IO    including I2C and SPI. Drop in replacement for smbus and spidev modules."
optional = false
python-versions = ">=3.5.0"
files = [
    {file = "Adafruit_PureIO-1.1.11-py3-none-any.whl", hash = "sha256:281ab2099372cc0decc26326918996cbf21b8eed694ec4764d51eefa029d324e"},
    {file = "Adafruit_PureIO-1.1.11.tar.gz", hash = "sha256:c4cfbb365731942d1f1092a116f47dfdae0aef18c5b27f1072b5824ad5ea8c7c"},
]

[[package]]
name = "click"
version = "8.1.7"
description = "Composable command line interface toolkit"
optional = false
python-versions = ">=3.7"
files = [
    {file = "click-8.1.7-py3-none-any.whl", hash = "sha256:ae74fb96c20a0277a1d615f1e4d73c8414f5a98db8b799a7931d1582f3390c28"},
    {file = "click-8.1.7.tar.gz", hash = "sha256:ca9853ad459e787e2192211578cc907e7594e294c7ccc834310722b41b9ca6de"},
]

[package.dependencies]
colorama = {version = "*", markers = "platform_system == \"Windows\""}

[[package]]
name = "colorama"
version = "0.4.6"
description = "Cross-platform colored terminal text."
optional = false
python-versions = "!=3.0.*,!=3.1.*,!=3.2.*,!=3.3.*,!=3.4.*,!=3.5.*,!=3.6.*,>=2.7"
files = [
    {file = "colorama-0.4.6-py2.py3-none-any.whl", hash = "sha256:4f1d9991f5acc0ca119f9d443620b77f9d6b33703e51011c16baf57afb285fc6"},
    {file = "colorama-0.4.6.tar.gz", hash = "sha256:08695f5cb7ed6e0531a20572697297273c47b8cae5a63ffc6d6ed5c201be6e44"},
]

[[package]]
name = "exceptiongroup"
version = "1.2.1"
description = "Backport of PEP 654 (exception groups)"
optional = false
python-versions = ">=3.7"
files = [
    {file = "exceptiongroup-1.2.1-py3-none-any.whl", hash = "sha256:5258b9ed329c5bbdd31a309f53cbfb0b155341807f6ff7606a1e801a891b29ad"},
    {file = "exceptiongroup-1.2.1.tar.gz", hash = "sha256:a4785e48b045528f5bfe627b6ad554ff32def154f42372786903b7abcfe1aa16"},
]

[package.extras]
test = ["pytest (>=6)"]

[[package]]
name = "grpcio"
version = "1.64.0"
description = "HTTP/2-based RPC framework"
optional = false
python-versions = ">=3.8"
files = [
    {file = "grpcio-1.64.0-cp310-cp310-linux_armv7l.whl", hash = "sha256:3b09c3d9de95461214a11d82cc0e6a46a6f4e1f91834b50782f932895215e5db"},
    {file = "grpcio-1.64.0-cp310-cp310-macosx_12_0_universal2.whl", hash = "sha256:7e013428ab472892830287dd082b7d129f4d8afef49227a28223a77337555eaa"},
    {file = "grpcio-1.64.0-cp310-cp310-manylinux_2_17_aarch64.whl", hash = "sha256:02cc9cc3f816d30f7993d0d408043b4a7d6a02346d251694d8ab1f78cc723e7e"},
    {file = "grpcio-1.64.0-cp310-cp310-manylinux_2_17_i686.manylinux2014_i686.whl", hash = "sha256:1f5de082d936e0208ce8db9095821361dfa97af8767a6607ae71425ac8ace15c"},
    {file = "grpcio-1.64.0-cp310-cp310-manylinux_2_17_x86_64.manylinux2014_x86_64.whl", hash = "sha256:d7b7bf346391dffa182fba42506adf3a84f4a718a05e445b37824136047686a1"},
    {file = "grpcio-1.64.0-cp310-cp310-musllinux_1_1_i686.whl", hash = "sha256:b2cbdfba18408389a1371f8c2af1659119e1831e5ed24c240cae9e27b4abc38d"},
    {file = "grpcio-1.64.0-cp310-cp310-musllinux_1_1_x86_64.whl", hash = "sha256:aca4f15427d2df592e0c8f3d38847e25135e4092d7f70f02452c0e90d6a02d6d"},
    {file = "grpcio-1.64.0-cp310-cp310-win32.whl", hash = "sha256:7c1f5b2298244472bcda49b599be04579f26425af0fd80d3f2eb5fd8bc84d106"},
    {file = "grpcio-1.64.0-cp310-cp310-win_amd64.whl", hash = "sha256:73f84f9e5985a532e47880b3924867de16fa1aa513fff9b26106220c253c70c5"},
    {file = "grpcio-1.64.0-cp311-cp311-linux_armv7l.whl", hash = "sha256:2a18090371d138a57714ee9bffd6c9c9cb2e02ce42c681aac093ae1e7189ed21"},
    {file = "grpcio-1.64.0-cp311-cp311-macosx_10_9_universal2.whl", hash = "sha256:59c68df3a934a586c3473d15956d23a618b8f05b5e7a3a904d40300e9c69cbf0"},
    {file = "grpcio-1.64.0-cp311-cp311-manylinux_2_17_aarch64.whl", hash = "sha256:b52e1ec7185512103dd47d41cf34ea78e7a7361ba460187ddd2416b480e0938c"},
    {file = "grpcio-1.64.0-cp311-cp311-manylinux_2_17_i686.manylinux2014_i686.whl", hash = "sha256:8d598b5d5e2c9115d7fb7e2cb5508d14286af506a75950762aa1372d60e41851"},
    {file = "grpcio-1.64.0-cp311-cp311-manylinux_2_17_x86_64.manylinux2014_x86_64.whl", hash = "sha256:01615bbcae6875eee8091e6b9414072f4e4b00d8b7e141f89635bdae7cf784e5"},
    {file = "grpcio-1.64.0-cp311-cp311-musllinux_1_1_i686.whl", hash = "sha256:0b2dfe6dcace264807d9123d483d4c43274e3f8c39f90ff51de538245d7a4145"},
    {file = "grpcio-1.64.0-cp311-cp311-musllinux_1_1_x86_64.whl", hash = "sha256:7f17572dc9acd5e6dfd3014d10c0b533e9f79cd9517fc10b0225746f4c24b58e"},
    {file = "grpcio-1.64.0-cp311-cp311-win32.whl", hash = "sha256:6ec5ed15b4ffe56e2c6bc76af45e6b591c9be0224b3fb090adfb205c9012367d"},
    {file = "grpcio-1.64.0-cp311-cp311-win_amd64.whl", hash = "sha256:597191370951b477b7a1441e1aaa5cacebeb46a3b0bd240ec3bb2f28298c7553"},
    {file = "grpcio-1.64.0-cp312-cp312-linux_armv7l.whl", hash = "sha256:1ce4cd5a61d4532651079e7aae0fedf9a80e613eed895d5b9743e66b52d15812"},
    {file = "grpcio-1.64.0-cp312-cp312-macosx_10_9_universal2.whl", hash = "sha256:650a8150a9b288f40d5b7c1d5400cc11724eae50bd1f501a66e1ea949173649b"},
    {file = "grpcio-1.64.0-cp312-cp312-manylinux_2_17_aarch64.whl", hash = "sha256:8de0399b983f8676a7ccfdd45e5b2caec74a7e3cc576c6b1eecf3b3680deda5e"},
    {file = "grpcio-1.64.0-cp312-cp312-manylinux_2_17_i686.manylinux2014_i686.whl", hash = "sha256:46b8b43ba6a2a8f3103f103f97996cad507bcfd72359af6516363c48793d5a7b"},
    {file = "grpcio-1.64.0-cp312-cp312-manylinux_2_17_x86_64.manylinux2014_x86_64.whl", hash = "sha256:a54362f03d4dcfae63be455d0a7d4c1403673498b92c6bfe22157d935b57c7a9"},
    {file = "grpcio-1.64.0-cp312-cp312-musllinux_1_1_i686.whl", hash = "sha256:1f8ea18b928e539046bb5f9c124d717fbf00cc4b2d960ae0b8468562846f5aa1"},
    {file = "grpcio-1.64.0-cp312-cp312-musllinux_1_1_x86_64.whl", hash = "sha256:c56c91bd2923ddb6e7ed28ebb66d15633b03e0df22206f22dfcdde08047e0a48"},
    {file = "grpcio-1.64.0-cp312-cp312-win32.whl", hash = "sha256:874c741c8a66f0834f653a69e7e64b4e67fcd4a8d40296919b93bab2ccc780ba"},
    {file = "grpcio-1.64.0-cp312-cp312-win_amd64.whl", hash = "sha256:0da1d921f8e4bcee307aeef6c7095eb26e617c471f8cb1c454fd389c5c296d1e"},
    {file = "grpcio-1.64.0-cp38-cp38-linux_armv7l.whl", hash = "sha256:c46fb6bfca17bfc49f011eb53416e61472fa96caa0979b4329176bdd38cbbf2a"},
    {file = "grpcio-1.64.0-cp38-cp38-macosx_10_9_universal2.whl", hash = "sha256:3d2004e85cf5213995d09408501f82c8534700d2babeb81dfdba2a3bff0bb396"},
    {file = "grpcio-1.64.0-cp38-cp38-manylinux_2_17_aarch64.whl", hash = "sha256:6d5541eb460d73a07418524fb64dcfe0adfbcd32e2dac0f8f90ce5b9dd6c046c"},
    {file = "grpcio-1.64.0-cp38-cp38-manylinux_2_17_i686.manylinux2014_i686.whl", hash = "sha256:1f279ad72dd7d64412e10f2443f9f34872a938c67387863c4cd2fb837f53e7d2"},
    {file = "grpcio-1.64.0-cp38-cp38-manylinux_2_17_x86_64.manylinux2014_x86_64.whl", hash = "sha256:85fda90b81da25993aa47fae66cae747b921f8f6777550895fb62375b776a231"},
    {file = "grpcio-1.64.0-cp38-cp38-musllinux_1_1_i686.whl", hash = "sha256:a053584079b793a54bece4a7d1d1b5c0645bdbee729215cd433703dc2532f72b"},
    {file = "grpcio-1.64.0-cp38-cp38-musllinux_1_1_x86_64.whl", hash = "sha256:579dd9fb11bc73f0de061cab5f8b2def21480fd99eb3743ed041ad6a1913ee2f"},
    {file = "grpcio-1.64.0-cp38-cp38-win32.whl", hash = "sha256:23b6887bb21d77649d022fa1859e05853fdc2e60682fd86c3db652a555a282e0"},
    {file = "grpcio-1.64.0-cp38-cp38-win_amd64.whl", hash = "sha256:753cb58683ba0c545306f4e17dabf468d29cb6f6b11832e1e432160bb3f8403c"},
    {file = "grpcio-1.64.0-cp39-cp39-linux_armv7l.whl", hash = "sha256:2186d76a7e383e1466e0ea2b0febc343ffeae13928c63c6ec6826533c2d69590"},
    {file = "grpcio-1.64.0-cp39-cp39-macosx_10_9_universal2.whl", hash = "sha256:0f30596cdcbed3c98024fb4f1d91745146385b3f9fd10c9f2270cbfe2ed7ed91"},
    {file = "grpcio-1.64.0-cp39-cp39-manylinux_2_17_aarch64.whl", hash = "sha256:d9171f025a196f5bcfec7e8e7ffb7c3535f7d60aecd3503f9e250296c7cfc150"},
    {file = "grpcio-1.64.0-cp39-cp39-manylinux_2_17_i686.manylinux2014_i686.whl", hash = "sha256:cf4c8daed18ae2be2f1fc7d613a76ee2a2e28fdf2412d5c128be23144d28283d"},
    {file = "grpcio-1.64.0-cp39-cp39-manylinux_2_17_x86_64.manylinux2014_x86_64.whl", hash = "sha256:3550493ac1d23198d46dc9c9b24b411cef613798dc31160c7138568ec26bc9b4"},
    {file = "grpcio-1.64.0-cp39-cp39-musllinux_1_1_i686.whl", hash = "sha256:3161a8f8bb38077a6470508c1a7301cd54301c53b8a34bb83e3c9764874ecabd"},
    {file = "grpcio-1.64.0-cp39-cp39-musllinux_1_1_x86_64.whl", hash = "sha256:2e8fabe2cc57a369638ab1ad8e6043721014fdf9a13baa7c0e35995d3a4a7618"},
    {file = "grpcio-1.64.0-cp39-cp39-win32.whl", hash = "sha256:31890b24d47b62cc27da49a462efe3d02f3c120edb0e6c46dcc0025506acf004"},
    {file = "grpcio-1.64.0-cp39-cp39-win_amd64.whl", hash = "sha256:5a56797dea8c02e7d3a85dfea879f286175cf4d14fbd9ab3ef2477277b927baa"},
    {file = "grpcio-1.64.0.tar.gz", hash = "sha256:257baf07f53a571c215eebe9679c3058a313fd1d1f7c4eede5a8660108c52d9c"},
]

[package.extras]
protobuf = ["grpcio-tools (>=1.64.0)"]

[[package]]
name = "grpcio-tools"
version = "1.64.0"
description = "Protobuf code generator for gRPC"
optional = false
python-versions = ">=3.8"
files = [
    {file = "grpcio_tools-1.64.0-cp310-cp310-linux_armv7l.whl", hash = "sha256:8de2c2a956cd6e9331a417e118c5b1a60a111cd93b1ea8366234081eee1871f4"},
    {file = "grpcio_tools-1.64.0-cp310-cp310-macosx_12_0_universal2.whl", hash = "sha256:18be83c9996b29d75c634731bedd654464ca7bf0a533d5bd2fb8e5e735f3ba2d"},
    {file = "grpcio_tools-1.64.0-cp310-cp310-manylinux_2_17_aarch64.whl", hash = "sha256:944d5d00b177e67be7eac80fc04ee41e9b4c2a790f0a61cd95cae5aaa59328b8"},
    {file = "grpcio_tools-1.64.0-cp310-cp310-manylinux_2_17_i686.manylinux2014_i686.whl", hash = "sha256:9800e2699ddc6e794abeca17a10b0ab75291eceac00ed256caf75283ee813e77"},
    {file = "grpcio_tools-1.64.0-cp310-cp310-manylinux_2_17_x86_64.manylinux2014_x86_64.whl", hash = "sha256:9ac55d595bc0ed9ef2757e688f68641de6dc5f4696e6848cae380aa34f0ac0d9"},
    {file = "grpcio_tools-1.64.0-cp310-cp310-musllinux_1_1_i686.whl", hash = "sha256:af5436ff5865fd80d8a6796e904ae71bc8377f6646a42a3931ae801869d790fc"},
    {file = "grpcio_tools-1.64.0-cp310-cp310-musllinux_1_1_x86_64.whl", hash = "sha256:6c377252957be7bd9e479ba3c23f755237b42941460128c3240831f025f8294c"},
    {file = "grpcio_tools-1.64.0-cp310-cp310-win32.whl", hash = "sha256:c2729d2ecdfc63c3852510f62b0dddb929648303fa9f394a86eb1e2121811c3b"},
    {file = "grpcio_tools-1.64.0-cp310-cp310-win_amd64.whl", hash = "sha256:f96302dad3292c797914caf9bc3c44528194a30b446b502838cc92834942ef6a"},
    {file = "grpcio_tools-1.64.0-cp311-cp311-linux_armv7l.whl", hash = "sha256:ff57dd9c87da6995039e04f76a6791ae46fec94d7531fe1403fd94a0e3d80cdd"},
    {file = "grpcio_tools-1.64.0-cp311-cp311-macosx_10_9_universal2.whl", hash = "sha256:8be1f77c8dab0412eb6cc596abac985cdf1c42608c921966cbb84d6d66f31b2c"},
    {file = "grpcio_tools-1.64.0-cp311-cp311-manylinux_2_17_aarch64.whl", hash = "sha256:de5e1e7d4deaebfe16ea0c734bc933ddbdcacd04b980ab44e881c8ad3e88670a"},
    {file = "grpcio_tools-1.64.0-cp311-cp311-manylinux_2_17_i686.manylinux2014_i686.whl", hash = "sha256:d0118866227874203a2cd27ca9cf8d62cddf703449f009b548b9fee83594d12b"},
    {file = "grpcio_tools-1.64.0-cp311-cp311-manylinux_2_17_x86_64.manylinux2014_x86_64.whl", hash = "sha256:2aa82c4af0bac8940e429bf6bd4c029994ab85a963ddf62c0072116588fcf75b"},
    {file = "grpcio_tools-1.64.0-cp311-cp311-musllinux_1_1_i686.whl", hash = "sha256:691369981d2f680bbf754ebde29a4fa630795543c565919558c178671d7e2a11"},
    {file = "grpcio_tools-1.64.0-cp311-cp311-musllinux_1_1_x86_64.whl", hash = "sha256:99ab2be15a8027cb3c65e957c2f8bb7e596af954f399c4b1d257b34996860b36"},
    {file = "grpcio_tools-1.64.0-cp311-cp311-win32.whl", hash = "sha256:f0e694b9f427e437bf60e1138d0ca9a7bee5b0ce1a6d70b1e1c3b99720692d4d"},
    {file = "grpcio_tools-1.64.0-cp311-cp311-win_amd64.whl", hash = "sha256:087da41ee5f4cf8f0bed419d5ac59e06f07ff1109662724112bf3105fa168eb2"},
    {file = "grpcio_tools-1.64.0-cp312-cp312-linux_armv7l.whl", hash = "sha256:2968b63e02a7e3ef2b4ad607303f52db774736017a51b03150136306817d6d9a"},
    {file = "grpcio_tools-1.64.0-cp312-cp312-macosx_10_9_universal2.whl", hash = "sha256:489b0e18603a30ee7c54c622d4f2cbfe5a13134ca91282b4ea9c4e8153a544b3"},
    {file = "grpcio_tools-1.64.0-cp312-cp312-manylinux_2_17_aarch64.whl", hash = "sha256:78d37deb5207b06d14f95f375c094631009f95b3834541aec9c866442908c7ca"},
    {file = "grpcio_tools-1.64.0-cp312-cp312-manylinux_2_17_i686.manylinux2014_i686.whl", hash = "sha256:fef19899d65e90f46784a0a5a8c9bd90c8d73b3449eaca231f1123b4d65d03a6"},
    {file = "grpcio_tools-1.64.0-cp312-cp312-manylinux_2_17_x86_64.manylinux2014_x86_64.whl", hash = "sha256:7c21c53595080518feaed2ce10c6ad39b643eb1c225b162506222c64d74088e0"},
    {file = "grpcio_tools-1.64.0-cp312-cp312-musllinux_1_1_i686.whl", hash = "sha256:51b75ca0b86b967e1fbdea52416ef79a1507959bb2a64783e5c1dd9515608bf5"},
    {file = "grpcio_tools-1.64.0-cp312-cp312-musllinux_1_1_x86_64.whl", hash = "sha256:fdf13921cb8cc226a8b7a101ba81a4a4626dfcd8fd817a480615f6e09b6ef43a"},
    {file = "grpcio_tools-1.64.0-cp312-cp312-win32.whl", hash = "sha256:a64ae624a0496b9f45824325fdc14fb8cbcab2c25ecb67c42cd0edd796a5b79e"},
    {file = "grpcio_tools-1.64.0-cp312-cp312-win_amd64.whl", hash = "sha256:9db97ef2e3b2ec17d1d5b5471b16bfed10521fe6e00674e36f9ba35344e20153"},
    {file = "grpcio_tools-1.64.0-cp38-cp38-linux_armv7l.whl", hash = "sha256:2a2dc978b5f6e62fea88ba39589b37d71d09e6c43bb7c05ac1be256020187406"},
    {file = "grpcio_tools-1.64.0-cp38-cp38-macosx_10_9_universal2.whl", hash = "sha256:36842cc0db9026572d970a615e7b1e55fce89eda733fa64df4727ff7910a0a4b"},
    {file = "grpcio_tools-1.64.0-cp38-cp38-manylinux_2_17_aarch64.whl", hash = "sha256:5816b722a0ce9eebe9228264dbd8c9e0a4552ff92256590c73a97c1ab20e48a8"},
    {file = "grpcio_tools-1.64.0-cp38-cp38-manylinux_2_17_i686.manylinux2014_i686.whl", hash = "sha256:32a76a524f4d20eb8aadd9c57a542322c0d21b508c304bbd92b88d105b449c0a"},
    {file = "grpcio_tools-1.64.0-cp38-cp38-manylinux_2_17_x86_64.manylinux2014_x86_64.whl", hash = "sha256:09168716a11dab29de2950c08898fd5946a0f6479dfe95e751459685b8d9ff8f"},
    {file = "grpcio_tools-1.64.0-cp38-cp38-musllinux_1_1_i686.whl", hash = "sha256:711d268f03d4d6cb2f90b55b8965c205ce4a5405fcf10a60aadbebd8b4c6a7e7"},
    {file = "grpcio_tools-1.64.0-cp38-cp38-musllinux_1_1_x86_64.whl", hash = "sha256:d86cdd273a8d29a856b1a1da27e3bd7cea524072dbe364b03bc16e12cb0f85cd"},
    {file = "grpcio_tools-1.64.0-cp38-cp38-win32.whl", hash = "sha256:32a9e2a7613bf4361c1876161d76a5d6b12e2ac10ebc2b43253f5d7483c3ed88"},
    {file = "grpcio_tools-1.64.0-cp38-cp38-win_amd64.whl", hash = "sha256:9a3db8b94b094ae3b5bf30b055f0f29570a57221602d31dec6c19b4a2933c0c2"},
    {file = "grpcio_tools-1.64.0-cp39-cp39-linux_armv7l.whl", hash = "sha256:89f5d7985d483f48406c10d1658e587d50c4188c3c1aa2bc882d06c0592f6186"},
    {file = "grpcio_tools-1.64.0-cp39-cp39-macosx_10_9_universal2.whl", hash = "sha256:f6cae2a6f1270c52c9bce9d44b390404ce02b64e72d480b9c09bcc9468e13ce6"},
    {file = "grpcio_tools-1.64.0-cp39-cp39-manylinux_2_17_aarch64.whl", hash = "sha256:e0375536d220edc897e39a7d0ca5859dba586d27170614bb8f5edae6a6f3276e"},
    {file = "grpcio_tools-1.64.0-cp39-cp39-manylinux_2_17_i686.manylinux2014_i686.whl", hash = "sha256:f89f8a5b8b49b724ff371676c56e658a3ee2a9bbbb5c45ac181366c6834bcafc"},
    {file = "grpcio_tools-1.64.0-cp39-cp39-manylinux_2_17_x86_64.manylinux2014_x86_64.whl", hash = "sha256:6c32e77fcff8861a1d781c561e939cc7171efff73804e817c76bc513bb1073ab"},
    {file = "grpcio_tools-1.64.0-cp39-cp39-musllinux_1_1_i686.whl", hash = "sha256:0ac6f77ceddf3c93ab5ecbbd3c63ba6b8bb4aa6ad059fa64d14bcaa618d3add6"},
    {file = "grpcio_tools-1.64.0-cp39-cp39-musllinux_1_1_x86_64.whl", hash = "sha256:852e1bdb30ce4ff47eb53d8bcdf9f72654c11d7569006afb86b8b0ad47e93cf5"},
    {file = "grpcio_tools-1.64.0-cp39-cp39-win32.whl", hash = "sha256:335fa345eca68274800d53d055d70a87c2dc0c735a19dba0d3ae443b6801cbcc"},
    {file = "grpcio_tools-1.64.0-cp39-cp39-win_amd64.whl", hash = "sha256:2a23f739518c091b6a821f118b4f3f006cfd52d567e76eccd3b14654cfcccde8"},
    {file = "grpcio_tools-1.64.0.tar.gz", hash = "sha256:fa4c47897a0ddb78204456d002923294724e1b7fc87f0745528727383c2260ad"},
]

[package.dependencies]
grpcio = ">=1.64.0"
protobuf = ">=5.26.1,<6.0dev"
setuptools = "*"

[[package]]
name = "iniconfig"
version = "2.0.0"
description = "brain-dead simple config-ini parsing"
optional = false
python-versions = ">=3.7"
files = [
    {file = "iniconfig-2.0.0-py3-none-any.whl", hash = "sha256:b6a85871a79d2e3b22d2d1b94ac2824226a63c6b741c88f7ae975f18b6778374"},
    {file = "iniconfig-2.0.0.tar.gz", hash = "sha256:2d91e135bf72d31a410b17c16da610a82cb55f6b0477d1a902134b24a455b8b3"},
]

[[package]]
name = "mypy"
version = "1.10.0"
description = "Optional static typing for Python"
optional = false
python-versions = ">=3.8"
files = [
    {file = "mypy-1.10.0-cp310-cp310-macosx_10_9_x86_64.whl", hash = "sha256:da1cbf08fb3b851ab3b9523a884c232774008267b1f83371ace57f412fe308c2"},
    {file = "mypy-1.10.0-cp310-cp310-macosx_11_0_arm64.whl", hash = "sha256:12b6bfc1b1a66095ab413160a6e520e1dc076a28f3e22f7fb25ba3b000b4ef99"},
    {file = "mypy-1.10.0-cp310-cp310-manylinux_2_17_x86_64.manylinux2014_x86_64.whl", hash = "sha256:9e36fb078cce9904c7989b9693e41cb9711e0600139ce3970c6ef814b6ebc2b2"},
    {file = "mypy-1.10.0-cp310-cp310-musllinux_1_1_x86_64.whl", hash = "sha256:2b0695d605ddcd3eb2f736cd8b4e388288c21e7de85001e9f85df9187f2b50f9"},
    {file = "mypy-1.10.0-cp310-cp310-win_amd64.whl", hash = "sha256:cd777b780312ddb135bceb9bc8722a73ec95e042f911cc279e2ec3c667076051"},
    {file = "mypy-1.10.0-cp311-cp311-macosx_10_9_x86_64.whl", hash = "sha256:3be66771aa5c97602f382230165b856c231d1277c511c9a8dd058be4784472e1"},
    {file = "mypy-1.10.0-cp311-cp311-macosx_11_0_arm64.whl", hash = "sha256:8b2cbaca148d0754a54d44121b5825ae71868c7592a53b7292eeb0f3fdae95ee"},
    {file = "mypy-1.10.0-cp311-cp311-manylinux_2_17_x86_64.manylinux2014_x86_64.whl", hash = "sha256:1ec404a7cbe9fc0e92cb0e67f55ce0c025014e26d33e54d9e506a0f2d07fe5de"},
    {file = "mypy-1.10.0-cp311-cp311-musllinux_1_1_x86_64.whl", hash = "sha256:e22e1527dc3d4aa94311d246b59e47f6455b8729f4968765ac1eacf9a4760bc7"},
    {file = "mypy-1.10.0-cp311-cp311-win_amd64.whl", hash = "sha256:a87dbfa85971e8d59c9cc1fcf534efe664d8949e4c0b6b44e8ca548e746a8d53"},
    {file = "mypy-1.10.0-cp312-cp312-macosx_10_9_x86_64.whl", hash = "sha256:a781f6ad4bab20eef8b65174a57e5203f4be627b46291f4589879bf4e257b97b"},
    {file = "mypy-1.10.0-cp312-cp312-macosx_11_0_arm64.whl", hash = "sha256:b808e12113505b97d9023b0b5e0c0705a90571c6feefc6f215c1df9381256e30"},
    {file = "mypy-1.10.0-cp312-cp312-manylinux_2_17_x86_64.manylinux2014_x86_64.whl", hash = "sha256:8f55583b12156c399dce2df7d16f8a5095291354f1e839c252ec6c0611e86e2e"},
    {file = "mypy-1.10.0-cp312-cp312-musllinux_1_1_x86_64.whl", hash = "sha256:4cf18f9d0efa1b16478c4c129eabec36148032575391095f73cae2e722fcf9d5"},
    {file = "mypy-1.10.0-cp312-cp312-win_amd64.whl", hash = "sha256:bc6ac273b23c6b82da3bb25f4136c4fd42665f17f2cd850771cb600bdd2ebeda"},
    {file = "mypy-1.10.0-cp38-cp38-macosx_10_9_x86_64.whl", hash = "sha256:9fd50226364cd2737351c79807775136b0abe084433b55b2e29181a4c3c878c0"},
    {file = "mypy-1.10.0-cp38-cp38-macosx_11_0_arm64.whl", hash = "sha256:f90cff89eea89273727d8783fef5d4a934be2fdca11b47def50cf5d311aff727"},
    {file = "mypy-1.10.0-cp38-cp38-manylinux_2_17_x86_64.manylinux2014_x86_64.whl", hash = "sha256:fcfc70599efde5c67862a07a1aaf50e55bce629ace26bb19dc17cece5dd31ca4"},
    {file = "mypy-1.10.0-cp38-cp38-musllinux_1_1_x86_64.whl", hash = "sha256:075cbf81f3e134eadaf247de187bd604748171d6b79736fa9b6c9685b4083061"},
    {file = "mypy-1.10.0-cp38-cp38-win_amd64.whl", hash = "sha256:3f298531bca95ff615b6e9f2fc0333aae27fa48052903a0ac90215021cdcfa4f"},
    {file = "mypy-1.10.0-cp39-cp39-macosx_10_9_x86_64.whl", hash = "sha256:fa7ef5244615a2523b56c034becde4e9e3f9b034854c93639adb667ec9ec2976"},
    {file = "mypy-1.10.0-cp39-cp39-macosx_11_0_arm64.whl", hash = "sha256:3236a4c8f535a0631f85f5fcdffba71c7feeef76a6002fcba7c1a8e57c8be1ec"},
    {file = "mypy-1.10.0-cp39-cp39-manylinux_2_17_x86_64.manylinux2014_x86_64.whl", hash = "sha256:4a2b5cdbb5dd35aa08ea9114436e0d79aceb2f38e32c21684dcf8e24e1e92821"},
    {file = "mypy-1.10.0-cp39-cp39-musllinux_1_1_x86_64.whl", hash = "sha256:92f93b21c0fe73dc00abf91022234c79d793318b8a96faac147cd579c1671746"},
    {file = "mypy-1.10.0-cp39-cp39-win_amd64.whl", hash = "sha256:28d0e038361b45f099cc086d9dd99c15ff14d0188f44ac883010e172ce86c38a"},
    {file = "mypy-1.10.0-py3-none-any.whl", hash = "sha256:f8c083976eb530019175aabadb60921e73b4f45736760826aa1689dda8208aee"},
    {file = "mypy-1.10.0.tar.gz", hash = "sha256:3d087fcbec056c4ee34974da493a826ce316947485cef3901f511848e687c131"},
]

[package.dependencies]
mypy-extensions = ">=1.0.0"
tomli = {version = ">=1.1.0", markers = "python_version < \"3.11\""}
typing-extensions = ">=4.1.0"

[package.extras]
dmypy = ["psutil (>=4.0)"]
install-types = ["pip"]
mypyc = ["setuptools (>=50)"]
reports = ["lxml"]

[[package]]
name = "mypy-extensions"
version = "1.0.0"
description = "Type system extensions for programs checked with the mypy type checker."
optional = false
python-versions = ">=3.5"
files = [
    {file = "mypy_extensions-1.0.0-py3-none-any.whl", hash = "sha256:4392f6c0eb8a5668a69e23d168ffa70f0be9ccfd32b5cc2d26a34ae5b844552d"},
    {file = "mypy_extensions-1.0.0.tar.gz", hash = "sha256:75dbf8955dc00442a438fc4d0666508a9a97b6bd41aa2f0ffe9d2f2725af0782"},
]

[[package]]
name = "packaging"
version = "24.0"
description = "Core utilities for Python packages"
optional = false
python-versions = ">=3.7"
files = [
    {file = "packaging-24.0-py3-none-any.whl", hash = "sha256:2ddfb553fdf02fb784c234c7ba6ccc288296ceabec964ad2eae3777778130bc5"},
    {file = "packaging-24.0.tar.gz", hash = "sha256:eb82c5e3e56209074766e6885bb04b8c38a0c015d0a30036ebe7ece34c9989e9"},
]

[[package]]
name = "pluggy"
version = "1.5.0"
description = "plugin and hook calling mechanisms for python"
optional = false
python-versions = ">=3.8"
files = [
    {file = "pluggy-1.5.0-py3-none-any.whl", hash = "sha256:44e1ad92c8ca002de6377e165f3e0f1be63266ab4d554740532335b9d75ea669"},
    {file = "pluggy-1.5.0.tar.gz", hash = "sha256:2cffa88e94fdc978c4c574f15f9e59b7f4201d439195c3715ca9e2486f1d0cf1"},
]

[package.extras]
dev = ["pre-commit", "tox"]
testing = ["pytest", "pytest-benchmark"]

[[package]]
name = "protobuf"
version = "5.26.1"
description = ""
optional = false
python-versions = ">=3.8"
files = [
    {file = "protobuf-5.26.1-cp310-abi3-win32.whl", hash = "sha256:3c388ea6ddfe735f8cf69e3f7dc7611e73107b60bdfcf5d0f024c3ccd3794e23"},
    {file = "protobuf-5.26.1-cp310-abi3-win_amd64.whl", hash = "sha256:e6039957449cb918f331d32ffafa8eb9255769c96aa0560d9a5bf0b4e00a2a33"},
    {file = "protobuf-5.26.1-cp37-abi3-macosx_10_9_universal2.whl", hash = "sha256:38aa5f535721d5bb99861166c445c4105c4e285c765fbb2ac10f116e32dcd46d"},
    {file = "protobuf-5.26.1-cp37-abi3-manylinux2014_aarch64.whl", hash = "sha256:fbfe61e7ee8c1860855696e3ac6cfd1b01af5498facc6834fcc345c9684fb2ca"},
    {file = "protobuf-5.26.1-cp37-abi3-manylinux2014_x86_64.whl", hash = "sha256:f7417703f841167e5a27d48be13389d52ad705ec09eade63dfc3180a959215d7"},
    {file = "protobuf-5.26.1-cp38-cp38-win32.whl", hash = "sha256:d693d2504ca96750d92d9de8a103102dd648fda04540495535f0fec7577ed8fc"},
    {file = "protobuf-5.26.1-cp38-cp38-win_amd64.whl", hash = "sha256:9b557c317ebe6836835ec4ef74ec3e994ad0894ea424314ad3552bc6e8835b4e"},
    {file = "protobuf-5.26.1-cp39-cp39-win32.whl", hash = "sha256:b9ba3ca83c2e31219ffbeb9d76b63aad35a3eb1544170c55336993d7a18ae72c"},
    {file = "protobuf-5.26.1-cp39-cp39-win_amd64.whl", hash = "sha256:7ee014c2c87582e101d6b54260af03b6596728505c79f17c8586e7523aaa8f8c"},
    {file = "protobuf-5.26.1-py3-none-any.whl", hash = "sha256:da612f2720c0183417194eeaa2523215c4fcc1a1949772dc65f05047e08d5932"},
    {file = "protobuf-5.26.1.tar.gz", hash = "sha256:8ca2a1d97c290ec7b16e4e5dff2e5ae150cc1582f55b5ab300d45cb0dfa90e51"},
]

[[package]]
name = "pyftdi"
version = "0.55.4"
description = "FTDI device driver (pure Python)"
optional = false
python-versions = ">=3.8"
files = [
    {file = "pyftdi-0.55.4-py3-none-any.whl", hash = "sha256:64a804ea1c652e6935897df7867dbba18910848cad0a4927ccdb06813c072c85"},
    {file = "pyftdi-0.55.4.tar.gz", hash = "sha256:cb2770b606507024a65e0a520bf892f239a36cec25cab45338ce3e3027de53c8"},
]

[package.dependencies]
pyserial = ">=3.0"
pyusb = ">=1.0.0,<1.2.0 || >1.2.0"

[[package]]
name = "pyserial"
version = "3.5"
description = "Python Serial Port Extension"
optional = false
python-versions = "*"
files = [
    {file = "pyserial-3.5-py2.py3-none-any.whl", hash = "sha256:c4451db6ba391ca6ca299fb3ec7bae67a5c55dde170964c7a14ceefec02f2cf0"},
    {file = "pyserial-3.5.tar.gz", hash = "sha256:3c77e014170dfffbd816e6ffc205e9842efb10be9f58ec16d3e8675b4925cddb"},
]

[package.extras]
cp2110 = ["hidapi"]

[[package]]
name = "pytest"
version = "8.2.1"
description = "pytest: simple powerful testing with Python"
optional = false
python-versions = ">=3.8"
files = [
    {file = "pytest-8.2.1-py3-none-any.whl", hash = "sha256:faccc5d332b8c3719f40283d0d44aa5cf101cec36f88cde9ed8f2bc0538612b1"},
    {file = "pytest-8.2.1.tar.gz", hash = "sha256:5046e5b46d8e4cac199c373041f26be56fdb81eb4e67dc11d4e10811fc3408fd"},
]

[package.dependencies]
colorama = {version = "*", markers = "sys_platform == \"win32\""}
exceptiongroup = {version = ">=1.0.0rc8", markers = "python_version < \"3.11\""}
iniconfig = "*"
packaging = "*"
pluggy = ">=1.5,<2.0"
tomli = {version = ">=1", markers = "python_version < \"3.11\""}

[package.extras]
dev = ["argcomplete", "attrs (>=19.2)", "hypothesis (>=3.56)", "mock", "pygments (>=2.7.2)", "requests", "setuptools", "xmlschema"]

[[package]]
name = "pytest-asyncio"
version = "0.23.7"
description = "Pytest support for asyncio"
optional = false
python-versions = ">=3.8"
files = [
    {file = "pytest_asyncio-0.23.7-py3-none-any.whl", hash = "sha256:009b48127fbe44518a547bddd25611551b0e43ccdbf1e67d12479f569832c20b"},
    {file = "pytest_asyncio-0.23.7.tar.gz", hash = "sha256:5f5c72948f4c49e7db4f29f2521d4031f1c27f86e57b046126654083d4770268"},
]

[package.dependencies]
pytest = ">=7.0.0,<9"

[package.extras]
docs = ["sphinx (>=5.3)", "sphinx-rtd-theme (>=1.0)"]
testing = ["coverage (>=6.2)", "hypothesis (>=5.7.1)"]

[[package]]
name = "pyusb"
version = "1.2.1"
description = "Python USB access module"
optional = false
python-versions = ">=3.6.0"
files = [
    {file = "pyusb-1.2.1-py3-none-any.whl", hash = "sha256:2b4c7cb86dbadf044dfb9d3a4ff69fd217013dbe78a792177a3feb172449ea36"},
    {file = "pyusb-1.2.1.tar.gz", hash = "sha256:a4cc7404a203144754164b8b40994e2849fde1cfff06b08492f12fff9d9de7b9"},
]

[[package]]
name = "ruff"
version = "0.3.7"
description = "An extremely fast Python linter and code formatter, written in Rust."
optional = false
python-versions = ">=3.7"
files = [
    {file = "ruff-0.3.7-py3-none-macosx_10_12_x86_64.macosx_11_0_arm64.macosx_10_12_universal2.whl", hash = "sha256:0e8377cccb2f07abd25e84fc5b2cbe48eeb0fea9f1719cad7caedb061d70e5ce"},
    {file = "ruff-0.3.7-py3-none-macosx_10_12_x86_64.whl", hash = "sha256:15a4d1cc1e64e556fa0d67bfd388fed416b7f3b26d5d1c3e7d192c897e39ba4b"},
    {file = "ruff-0.3.7-py3-none-manylinux_2_17_aarch64.manylinux2014_aarch64.whl", hash = "sha256:d28bdf3d7dc71dd46929fafeec98ba89b7c3550c3f0978e36389b5631b793663"},
    {file = "ruff-0.3.7-py3-none-manylinux_2_17_armv7l.manylinux2014_armv7l.whl", hash = "sha256:379b67d4f49774ba679593b232dcd90d9e10f04d96e3c8ce4a28037ae473f7bb"},
    {file = "ruff-0.3.7-py3-none-manylinux_2_17_i686.manylinux2014_i686.whl", hash = "sha256:c060aea8ad5ef21cdfbbe05475ab5104ce7827b639a78dd55383a6e9895b7c51"},
    {file = "ruff-0.3.7-py3-none-manylinux_2_17_ppc64.manylinux2014_ppc64.whl", hash = "sha256:ebf8f615dde968272d70502c083ebf963b6781aacd3079081e03b32adfe4d58a"},
    {file = "ruff-0.3.7-py3-none-manylinux_2_17_ppc64le.manylinux2014_ppc64le.whl", hash = "sha256:d48098bd8f5c38897b03604f5428901b65e3c97d40b3952e38637b5404b739a2"},
    {file = "ruff-0.3.7-py3-none-manylinux_2_17_s390x.manylinux2014_s390x.whl", hash = "sha256:da8a4fda219bf9024692b1bc68c9cff4b80507879ada8769dc7e985755d662ea"},
    {file = "ruff-0.3.7-py3-none-manylinux_2_17_x86_64.manylinux2014_x86_64.whl", hash = "sha256:6c44e0149f1d8b48c4d5c33d88c677a4aa22fd09b1683d6a7ff55b816b5d074f"},
    {file = "ruff-0.3.7-py3-none-musllinux_1_2_aarch64.whl", hash = "sha256:3050ec0af72b709a62ecc2aca941b9cd479a7bf2b36cc4562f0033d688e44fa1"},
    {file = "ruff-0.3.7-py3-none-musllinux_1_2_armv7l.whl", hash = "sha256:a29cc38e4c1ab00da18a3f6777f8b50099d73326981bb7d182e54a9a21bb4ff7"},
    {file = "ruff-0.3.7-py3-none-musllinux_1_2_i686.whl", hash = "sha256:5b15cc59c19edca917f51b1956637db47e200b0fc5e6e1878233d3a938384b0b"},
    {file = "ruff-0.3.7-py3-none-musllinux_1_2_x86_64.whl", hash = "sha256:e491045781b1e38b72c91247cf4634f040f8d0cb3e6d3d64d38dcf43616650b4"},
    {file = "ruff-0.3.7-py3-none-win32.whl", hash = "sha256:bc931de87593d64fad3a22e201e55ad76271f1d5bfc44e1a1887edd0903c7d9f"},
    {file = "ruff-0.3.7-py3-none-win_amd64.whl", hash = "sha256:5ef0e501e1e39f35e03c2acb1d1238c595b8bb36cf7a170e7c1df1b73da00e74"},
    {file = "ruff-0.3.7-py3-none-win_arm64.whl", hash = "sha256:789e144f6dc7019d1f92a812891c645274ed08af6037d11fc65fcbc183b7d59f"},
    {file = "ruff-0.3.7.tar.gz", hash = "sha256:d5c1aebee5162c2226784800ae031f660c350e7a3402c4d1f8ea4e97e232e3ba"},
]

[[package]]
name = "setuptools"
version = "70.0.0"
description = "Easily download, build, install, upgrade, and uninstall Python packages"
optional = false
python-versions = ">=3.8"
files = [
    {file = "setuptools-70.0.0-py3-none-any.whl", hash = "sha256:54faa7f2e8d2d11bcd2c07bed282eef1046b5c080d1c32add737d7b5817b1ad4"},
    {file = "setuptools-70.0.0.tar.gz", hash = "sha256:f211a66637b8fa059bb28183da127d4e86396c991a942b028c6650d4319c3fd0"},
]

[package.extras]
docs = ["furo", "jaraco.packaging (>=9.3)", "jaraco.tidelift (>=1.4)", "pygments-github-lexers (==0.0.5)", "pyproject-hooks (!=1.1)", "rst.linker (>=1.9)", "sphinx (>=3.5)", "sphinx-favicon", "sphinx-inline-tabs", "sphinx-lint", "sphinx-notfound-page (>=1,<2)", "sphinx-reredirects", "sphinxcontrib-towncrier"]
testing = ["build[virtualenv] (>=1.0.3)", "filelock (>=3.4.0)", "importlib-metadata", "ini2toml[lite] (>=0.14)", "jaraco.develop (>=7.21)", "jaraco.envs (>=2.2)", "jaraco.path (>=3.2.0)", "mypy (==1.9)", "packaging (>=23.2)", "pip (>=19.1)", "pyproject-hooks (!=1.1)", "pytest (>=6,!=8.1.1)", "pytest-checkdocs (>=2.4)", "pytest-cov", "pytest-enabler (>=2.2)", "pytest-home (>=0.5)", "pytest-mypy", "pytest-perf", "pytest-ruff (>=0.2.1)", "pytest-subprocess", "pytest-timeout", "pytest-xdist (>=3)", "tomli", "tomli-w (>=1.0.0)", "virtualenv (>=13.0.0)", "wheel"]

[[package]]
name = "tomli"
version = "2.0.1"
description = "A lil' TOML parser"
optional = false
python-versions = ">=3.7"
files = [
    {file = "tomli-2.0.1-py3-none-any.whl", hash = "sha256:939de3e7a6161af0c887ef91b7d41a53e7c5a1ca976325f429cb46ea9bc30ecc"},
    {file = "tomli-2.0.1.tar.gz", hash = "sha256:de526c12914f0c550d15924c62d72abc48d6fe7364aa87328337a31007fe8a4f"},
]

[[package]]
name = "types-protobuf"
version = "4.25.0.20240417"
description = "Typing stubs for protobuf"
optional = false
python-versions = ">=3.8"
files = [
    {file = "types-protobuf-4.25.0.20240417.tar.gz", hash = "sha256:c34eff17b9b3a0adb6830622f0f302484e4c089f533a46e3f147568313544352"},
    {file = "types_protobuf-4.25.0.20240417-py3-none-any.whl", hash = "sha256:e9b613227c2127e3d4881d75d93c93b4d6fd97b5f6a099a0b654a05351c8685d"},
]

[[package]]
name = "typing-extensions"
version = "4.11.0"
description = "Backported and Experimental Type Hints for Python 3.8+"
optional = false
python-versions = ">=3.8"
files = [
    {file = "typing_extensions-4.11.0-py3-none-any.whl", hash = "sha256:c1f94d72897edaf4ce775bb7558d5b79d8126906a14ea5ed1635921406c0387a"},
    {file = "typing_extensions-4.11.0.tar.gz", hash = "sha256:83f085bd5ca59c80295fc2a82ab5dac679cbe02b9f33f7d83af68e241bea51b0"},
]

[metadata]
lock-version = "2.0"
python-versions = ">=3.9"
content-hash = "86d50e47294c3cf8c0723c825c5ee4f5009417d947988963bcea817ad04bdf87"
